# THIS IS AN AUTOGENERATED FILE. DO NOT EDIT THIS FILE DIRECTLY.
# yarn lockfile v1


"@types/node@^10.11.4":
  version "10.11.4"
  resolved "https://registry.yarnpkg.com/@types/node/-/node-10.11.4.tgz#e8bd933c3f78795d580ae41d86590bfc1f4f389d"

debug@^4.0.1:
  version "4.0.1"
  resolved "https://registry.yarnpkg.com/debug/-/debug-4.0.1.tgz#f9bb36d439b8d1f0dd52d8fb6b46e4ebb8c1cd5b"
  dependencies:
    ms "^2.1.1"

ms@^2.1.1:
  version "2.1.1"
  resolved "https://registry.yarnpkg.com/ms/-/ms-2.1.1.tgz#30a5864eb3ebb0a66f2ebe6d727af06a09d86e0a"

typescript@^3.1.1:
  version "3.1.1"
  resolved "https://registry.yarnpkg.com/typescript/-/typescript-3.1.1.tgz#3362ba9dd1e482ebb2355b02dfe8bcd19a2c7c96"
